
Microsoft Visual Studio Solution File, Format Version 12.00
# Visual Studio Version 16
VisualStudioVersion = 16.0.31702.278
MinimumVisualStudioVersion = 10.0.40219.1
Project("{2150E333-8FDC-42A3-9474-1A3956D46DE8}") = "01 - Console", "01 - Console", "{B2A5C3F1-3190-483C-B156-18470E4B8893}"
EndProject
Project("{2150E333-8FDC-42A3-9474-1A3956D46DE8}") = "02 - Manager", "02 - Manager", "{541D06E2-F228-4E05-8EA0-B688D8E0F91A}"
EndProject
Project("{2150E333-8FDC-42A3-9474-1A3956D46DE8}") = "03 - Core", "03 - Core", "{7002770C-8824-4F48-9EC9-AA11B6923517}"
EndProject
Project("{2150E333-8FDC-42A3-9474-1A3956D46DE8}") = "04 - Shared", "04 - Shared", "{2445CEDD-BC2D-4EAA-A21B-01DF0B83B6BA}"
EndProject
Project("{2150E333-8FDC-42A3-9474-1A3956D46DE8}") = "05 - Tests", "05 - Tests", "{EB5DE31E-B153-47B9-8C65-BFE8E1C755C1}"
EndProject
Project("{FAE04EC0-301F-11D3-BF4B-00C04F79EFBC}") = "TechnicalChallenge.Console", "src\TechnicalChallenge.Console\TechnicalChallenge.Console.csproj", "{AC8753C7-D23A-4325-AB9D-3DF942E02024}"
EndProject
Project("{FAE04EC0-301F-11D3-BF4B-00C04F79EFBC}") = "TechnicalChallenge.Manager", "src\TechnicalChallenge.Manager\TechnicalChallenge.Manager.csproj", "{1E7754E7-970C-446F-BFE1-198CB2414F1A}"
EndProject
Project("{FAE04EC0-301F-11D3-BF4B-00C04F79EFBC}") = "TechnicalChallenge.Core", "src\TechnicalChallenge.Core\TechnicalChallenge.Core.csproj", "{74C705DB-49E7-48D2-BD85-DC116D8D0565}"
EndProject
Project("{FAE04EC0-301F-11D3-BF4B-00C04F79EFBC}") = "TechnicalChallenge.Shared", "src\TechnicalChallenge.Shared\TechnicalChallenge.Shared.csproj", "{387A4485-A021-480E-A137-017B595DA7FC}"
EndProject
Project("{FAE04EC0-301F-11D3-BF4B-00C04F79EFBC}") = "TechnicalChallenge.Tests", "src\TechnicalChallenge.Tests\TechnicalChallenge.Tests.csproj", "{4F05985D-62C6-482E-92C6-74D37A1F0FF1}"
EndProject
Global
	GlobalSection(SolutionConfigurationPlatforms) = preSolution
		Debug|Any CPU = Debug|Any CPU
		Release|Any CPU = Release|Any CPU
	EndGlobalSection
	GlobalSection(ProjectConfigurationPlatforms) = postSolution
		{AC8753C7-D23A-4325-AB9D-3DF942E02024}.Debug|Any CPU.ActiveCfg = Debug|Any CPU
		{AC8753C7-D23A-4325-AB9D-3DF942E02024}.Debug|Any CPU.Build.0 = Debug|Any CPU
		{AC8753C7-D23A-4325-AB9D-3DF942E02024}.Release|Any CPU.ActiveCfg = Release|Any CPU
		{AC8753C7-D23A-4325-AB9D-3DF942E02024}.Release|Any CPU.Build.0 = Release|Any CPU
		{1E7754E7-970C-446F-BFE1-198CB2414F1A}.Debug|Any CPU.ActiveCfg = Debug|Any CPU
		{1E7754E7-970C-446F-BFE1-198CB2414F1A}.Debug|Any CPU.Build.0 = Debug|Any CPU
		{1E7754E7-970C-446F-BFE1-198CB2414F1A}.Release|Any CPU.ActiveCfg = Release|Any CPU
		{1E7754E7-970C-446F-BFE1-198CB2414F1A}.Release|Any CPU.Build.0 = Release|Any CPU
		{74C705DB-49E7-48D2-BD85-DC116D8D0565}.Debug|Any CPU.ActiveCfg = Debug|Any CPU
		{74C705DB-49E7-48D2-BD85-DC116D8D0565}.Debug|Any CPU.Build.0 = Debug|Any CPU
		{74C705DB-49E7-48D2-BD85-DC116D8D0565}.Release|Any CPU.ActiveCfg = Release|Any CPU
		{74C705DB-49E7-48D2-BD85-DC116D8D0565}.Release|Any CPU.Build.0 = Release|Any CPU
		{387A4485-A021-480E-A137-017B595DA7FC}.Debug|Any CPU.ActiveCfg = Debug|Any CPU
		{387A4485-A021-480E-A137-017B595DA7FC}.Debug|Any CPU.Build.0 = Debug|Any CPU
		{387A4485-A021-480E-A137-017B595DA7FC}.Release|Any CPU.ActiveCfg = Release|Any CPU
		{387A4485-A021-480E-A137-017B595DA7FC}.Release|Any CPU.Build.0 = Release|Any CPU
		{4F05985D-62C6-482E-92C6-74D37A1F0FF1}.Debug|Any CPU.ActiveCfg = Debug|Any CPU
		{4F05985D-62C6-482E-92C6-74D37A1F0FF1}.Debug|Any CPU.Build.0 = Debug|Any CPU
		{4F05985D-62C6-482E-92C6-74D37A1F0FF1}.Release|Any CPU.ActiveCfg = Release|Any CPU
		{4F05985D-62C6-482E-92C6-74D37A1F0FF1}.Release|Any CPU.Build.0 = Release|Any CPU
	EndGlobalSection
	GlobalSection(SolutionProperties) = preSolution
		HideSolutionNode = FALSE
	EndGlobalSection
	GlobalSection(NestedProjects) = preSolution
		{AC8753C7-D23A-4325-AB9D-3DF942E02024} = {B2A5C3F1-3190-483C-B156-18470E4B8893}
		{1E7754E7-970C-446F-BFE1-198CB2414F1A} = {541D06E2-F228-4E05-8EA0-B688D8E0F91A}
		{74C705DB-49E7-48D2-BD85-DC116D8D0565} = {7002770C-8824-4F48-9EC9-AA11B6923517}
		{387A4485-A021-480E-A137-017B595DA7FC} = {2445CEDD-BC2D-4EAA-A21B-01DF0B83B6BA}
		{4F05985D-62C6-482E-92C6-74D37A1F0FF1} = {EB5DE31E-B153-47B9-8C65-BFE8E1C755C1}
	EndGlobalSection
	GlobalSection(ExtensibilityGlobals) = postSolution
		SolutionGuid = {3C8B5CA6-63CF-4A7E-892D-4A79546BDC92}
	EndGlobalSection
EndGlobal
